
Microsoft Visual Studio Solution File, Format Version 12.00
# Visual Studio Version 16
VisualStudioVersion = 16.0.29519.87
MinimumVisualStudioVersion = 10.0.40219.1
Project("{2150E333-8FDC-42A3-9474-1A3956D46DE8}") = "Ultilities", "Ultilities", "{75DDCE17-6AA0-44BE-8939-9E44C6770F1E}"
EndProject
Project("{2150E333-8FDC-42A3-9474-1A3956D46DE8}") = "Domain", "Domain", "{EB8B748E-5287-4CF4-B5E1-10765EB059A6}"
EndProject
Project("{2150E333-8FDC-42A3-9474-1A3956D46DE8}") = "API", "API", "{36971ED3-2AD6-4FBC-AF03-B4CA8CFE4DD2}"
EndProject
Project("{2150E333-8FDC-42A3-9474-1A3956D46DE8}") = "Infrastructure", "Infrastructure", "{04781F42-D7EF-47B9-AE99-79B79B806319}"
EndProject
Project("{9A19103F-16F7-4668-BE54-9A1E7A4F7556}") = "ZWA.Domain.Core", "Domain\ZWA.Domain.Core\ZWA.Domain.Core.csproj", "{E6722D54-6354-46E0-9A0D-72F039879C2C}"
EndProject
Project("{9A19103F-16F7-4668-BE54-9A1E7A4F7556}") = "ZWA.Domain.EventSourcing", "Domain\ZWA.Domain.EventSourcing\ZWA.Domain.EventSourcing.csproj", "{1E206BEE-9713-4951-9900-D75634AE309C}"
EndProject
Project("{2150E333-8FDC-42A3-9474-1A3956D46DE8}") = "Application", "Application", "{7E3A44FB-EFB5-4D06-A047-2B4E99D00D8A}"
EndProject
Project("{FAE04EC0-301F-11D3-BF4B-00C04F79EFBC}") = "ZWA.Application.Core", "Application\ZWA.Application.Core\ZWA.Application.Core.csproj", "{96336309-3038-4873-8DF3-49194237EB5D}"
EndProject
Project("{2150E333-8FDC-42A3-9474-1A3956D46DE8}") = "Database", "Database", "{B99669FA-5CB0-4459-8FD7-F0E73CEDEEDB}"
EndProject
Project("{FAE04EC0-301F-11D3-BF4B-00C04F79EFBC}") = "ZWA.Infrastructure.Database.Core", "Infrastructure\Database\ZWA.Infrastructure.Database.Core\ZWA.Infrastructure.Database.Core.csproj", "{16258AA7-C14F-4E1B-87C4-A58359098CD2}"
EndProject
Global
	GlobalSection(SolutionConfigurationPlatforms) = preSolution
		Debug|Any CPU = Debug|Any CPU
		Release|Any CPU = Release|Any CPU
	EndGlobalSection
	GlobalSection(ProjectConfigurationPlatforms) = postSolution
		{E6722D54-6354-46E0-9A0D-72F039879C2C}.Debug|Any CPU.ActiveCfg = Debug|Any CPU
		{E6722D54-6354-46E0-9A0D-72F039879C2C}.Debug|Any CPU.Build.0 = Debug|Any CPU
		{E6722D54-6354-46E0-9A0D-72F039879C2C}.Release|Any CPU.ActiveCfg = Release|Any CPU
		{E6722D54-6354-46E0-9A0D-72F039879C2C}.Release|Any CPU.Build.0 = Release|Any CPU
		{1E206BEE-9713-4951-9900-D75634AE309C}.Debug|Any CPU.ActiveCfg = Debug|Any CPU
		{1E206BEE-9713-4951-9900-D75634AE309C}.Debug|Any CPU.Build.0 = Debug|Any CPU
		{1E206BEE-9713-4951-9900-D75634AE309C}.Release|Any CPU.ActiveCfg = Release|Any CPU
		{1E206BEE-9713-4951-9900-D75634AE309C}.Release|Any CPU.Build.0 = Release|Any CPU
		{96336309-3038-4873-8DF3-49194237EB5D}.Debug|Any CPU.ActiveCfg = Debug|Any CPU
		{96336309-3038-4873-8DF3-49194237EB5D}.Debug|Any CPU.Build.0 = Debug|Any CPU
		{96336309-3038-4873-8DF3-49194237EB5D}.Release|Any CPU.ActiveCfg = Release|Any CPU
		{96336309-3038-4873-8DF3-49194237EB5D}.Release|Any CPU.Build.0 = Release|Any CPU
		{16258AA7-C14F-4E1B-87C4-A58359098CD2}.Debug|Any CPU.ActiveCfg = Debug|Any CPU
		{16258AA7-C14F-4E1B-87C4-A58359098CD2}.Debug|Any CPU.Build.0 = Debug|Any CPU
		{16258AA7-C14F-4E1B-87C4-A58359098CD2}.Release|Any CPU.ActiveCfg = Release|Any CPU
		{16258AA7-C14F-4E1B-87C4-A58359098CD2}.Release|Any CPU.Build.0 = Release|Any CPU
	EndGlobalSection
	GlobalSection(SolutionProperties) = preSolution
		HideSolutionNode = FALSE
	EndGlobalSection
	GlobalSection(NestedProjects) = preSolution
		{E6722D54-6354-46E0-9A0D-72F039879C2C} = {EB8B748E-5287-4CF4-B5E1-10765EB059A6}
		{1E206BEE-9713-4951-9900-D75634AE309C} = {EB8B748E-5287-4CF4-B5E1-10765EB059A6}
		{96336309-3038-4873-8DF3-49194237EB5D} = {7E3A44FB-EFB5-4D06-A047-2B4E99D00D8A}
		{B99669FA-5CB0-4459-8FD7-F0E73CEDEEDB} = {04781F42-D7EF-47B9-AE99-79B79B806319}
		{16258AA7-C14F-4E1B-87C4-A58359098CD2} = {B99669FA-5CB0-4459-8FD7-F0E73CEDEEDB}
	EndGlobalSection
	GlobalSection(ExtensibilityGlobals) = postSolution
		SolutionGuid = {4E9C1FB7-F0BC-49BF-AA7A-FF97C89F2194}
	EndGlobalSection
EndGlobal
